
Microsoft Visual Studio Solution File, Format Version 12.00
# Visual Studio Version 16
VisualStudioVersion = 16.0.810.19
MinimumVisualStudioVersion = 10.0.40219.1
Project("{FAE04EC0-301F-11D3-BF4B-00C04F79EFBC}") = "proj", "proj\proj.csproj", "{0AD76A7B-2926-416F-AA44-71645FF1C229}"
EndProject
Global
	GlobalSection(SolutionConfigurationPlatforms) = preSolution
		Debug|Any CPU = Debug|Any CPU
		Release|Any CPU = Release|Any CPU
	EndGlobalSection
	GlobalSection(ProjectConfigurationPlatforms) = postSolution
		{0AD76A7B-2926-416F-AA44-71645FF1C229}.Debug|Any CPU.ActiveCfg = Debug|Any CPU
		{0AD76A7B-2926-416F-AA44-71645FF1C229}.Debug|Any CPU.Build.0 = Debug|Any CPU
		{0AD76A7B-2926-416F-AA44-71645FF1C229}.Release|Any CPU.ActiveCfg = Release|Any CPU
		{0AD76A7B-2926-416F-AA44-71645FF1C229}.Release|Any CPU.Build.0 = Release|Any CPU
	EndGlobalSection
	GlobalSection(SolutionProperties) = preSolution
		HideSolutionNode = FALSE
	EndGlobalSection
	GlobalSection(ExtensibilityGlobals) = postSolution
		SolutionGuid = {04CBAC92-21F8-43FD-AE8F-CC0FE0EDDFA0}
	EndGlobalSection
EndGlobal
